
Microsoft Visual Studio Solution File, Format Version 12.00
# Visual Studio Version 17
VisualStudioVersion = 17.0.32002.185
MinimumVisualStudioVersion = 10.0.40219.1
Project("{8BC9CEB8-8B4A-11D0-8D11-00A0C91BC942}") = "将三个数按从大到小输出c", "将三个数按从大到小输出c\将三个数按从大到小输出c.vcxproj", "{9F6394EE-3879-486D-9595-1DF93121178B}"
EndProject
Global
	GlobalSection(SolutionConfigurationPlatforms) = preSolution
		Debug|x64 = Debug|x64
		Debug|x86 = Debug|x86
		Release|x64 = Release|x64
		Release|x86 = Release|x86
	EndGlobalSection
	GlobalSection(ProjectConfigurationPlatforms) = postSolution
		{9F6394EE-3879-486D-9595-1DF93121178B}.Debug|x64.ActiveCfg = Debug|x64
		{9F6394EE-3879-486D-9595-1DF93121178B}.Debug|x64.Build.0 = Debug|x64
		{9F6394EE-3879-486D-9595-1DF93121178B}.Debug|x86.ActiveCfg = Debug|Win32
		{9F6394EE-3879-486D-9595-1DF93121178B}.Debug|x86.Build.0 = Debug|Win32
		{9F6394EE-3879-486D-9595-1DF93121178B}.Release|x64.ActiveCfg = Release|x64
		{9F6394EE-3879-486D-9595-1DF93121178B}.Release|x64.Build.0 = Release|x64
		{9F6394EE-3879-486D-9595-1DF93121178B}.Release|x86.ActiveCfg = Release|Win32
		{9F6394EE-3879-486D-9595-1DF93121178B}.Release|x86.Build.0 = Release|Win32
	EndGlobalSection
	GlobalSection(SolutionProperties) = preSolution
		HideSolutionNode = FALSE
	EndGlobalSection
	GlobalSection(ExtensibilityGlobals) = postSolution
		SolutionGuid = {E0F8BD8C-468B-43F8-907B-6E38CF999FFF}
	EndGlobalSection
EndGlobal
