
Microsoft Visual Studio Solution File, Format Version 12.00
# Visual Studio Version 17
VisualStudioVersion = 17.0.32002.185
MinimumVisualStudioVersion = 10.0.40219.1
Project("{8BC9CEB8-8B4A-11D0-8D11-00A0C91BC942}") = "递归和非递归分别实现求n的阶乘", "递归和非递归分别实现求n的阶乘.vcxproj", "{B960E1E8-BE3E-426A-BD5B-DC5A2266E602}"
EndProject
Global
	GlobalSection(SolutionConfigurationPlatforms) = preSolution
		Debug|x64 = Debug|x64
		Debug|x86 = Debug|x86
		Release|x64 = Release|x64
		Release|x86 = Release|x86
	EndGlobalSection
	GlobalSection(ProjectConfigurationPlatforms) = postSolution
		{B960E1E8-BE3E-426A-BD5B-DC5A2266E602}.Debug|x64.ActiveCfg = Debug|x64
		{B960E1E8-BE3E-426A-BD5B-DC5A2266E602}.Debug|x64.Build.0 = Debug|x64
		{B960E1E8-BE3E-426A-BD5B-DC5A2266E602}.Debug|x86.ActiveCfg = Debug|Win32
		{B960E1E8-BE3E-426A-BD5B-DC5A2266E602}.Debug|x86.Build.0 = Debug|Win32
		{B960E1E8-BE3E-426A-BD5B-DC5A2266E602}.Release|x64.ActiveCfg = Release|x64
		{B960E1E8-BE3E-426A-BD5B-DC5A2266E602}.Release|x64.Build.0 = Release|x64
		{B960E1E8-BE3E-426A-BD5B-DC5A2266E602}.Release|x86.ActiveCfg = Release|Win32
		{B960E1E8-BE3E-426A-BD5B-DC5A2266E602}.Release|x86.Build.0 = Release|Win32
	EndGlobalSection
	GlobalSection(SolutionProperties) = preSolution
		HideSolutionNode = FALSE
	EndGlobalSection
	GlobalSection(ExtensibilityGlobals) = postSolution
		SolutionGuid = {55B1028D-4B66-4633-B4DE-651B1A48BE94}
	EndGlobalSection
EndGlobal
