
Microsoft Visual Studio Solution File, Format Version 12.00
# Visual Studio Version 17
VisualStudioVersion = 17.0.32002.185
MinimumVisualStudioVersion = 10.0.40219.1
Project("{8BC9CEB8-8B4A-11D0-8D11-00A0C91BC942}") = "运用编程判断比赛名次", "运用编程判断比赛名次.vcxproj", "{A9A8B20A-B709-46EF-837A-F9BC54062AF6}"
EndProject
Global
	GlobalSection(SolutionConfigurationPlatforms) = preSolution
		Debug|x64 = Debug|x64
		Debug|x86 = Debug|x86
		Release|x64 = Release|x64
		Release|x86 = Release|x86
	EndGlobalSection
	GlobalSection(ProjectConfigurationPlatforms) = postSolution
		{A9A8B20A-B709-46EF-837A-F9BC54062AF6}.Debug|x64.ActiveCfg = Debug|x64
		{A9A8B20A-B709-46EF-837A-F9BC54062AF6}.Debug|x64.Build.0 = Debug|x64
		{A9A8B20A-B709-46EF-837A-F9BC54062AF6}.Debug|x86.ActiveCfg = Debug|Win32
		{A9A8B20A-B709-46EF-837A-F9BC54062AF6}.Debug|x86.Build.0 = Debug|Win32
		{A9A8B20A-B709-46EF-837A-F9BC54062AF6}.Release|x64.ActiveCfg = Release|x64
		{A9A8B20A-B709-46EF-837A-F9BC54062AF6}.Release|x64.Build.0 = Release|x64
		{A9A8B20A-B709-46EF-837A-F9BC54062AF6}.Release|x86.ActiveCfg = Release|Win32
		{A9A8B20A-B709-46EF-837A-F9BC54062AF6}.Release|x86.Build.0 = Release|Win32
	EndGlobalSection
	GlobalSection(SolutionProperties) = preSolution
		HideSolutionNode = FALSE
	EndGlobalSection
	GlobalSection(ExtensibilityGlobals) = postSolution
		SolutionGuid = {F8E36C6E-107D-4597-95DA-890788FCC5AE}
	EndGlobalSection
EndGlobal
